// !$*UTF8*$!
{
	archiveVersion = 1;
	classes = {
	};
	objectVersion = 51;
	objects = {

/* Begin PBXBuildFile section */
		29112690B364F192C4FCFF18 /* Pods_Splash.framework in Frameworks */ = {isa = PBXBuildFile; fileRef = E7BCC9D6591F79F8FAD62804 /* Pods_Splash.framework */; };
		7D09A7E624BD86E300683FB4 /* SearchViewController.xib in Resources */ = {isa = PBXBuildFile; fileRef = 7D09A7E524BD86E300683FB4 /* SearchViewController.xib */; };
		7D09A7E924BD8C6900683FB4 /* CollectionsViewController.swift in Sources */ = {isa = PBXBuildFile; fileRef = 7D09A7E824BD8C6900683FB4 /* CollectionsViewController.swift */; };
		7D09A7EB24BD8CF900683FB4 /* CollectionsViewModel.swift in Sources */ = {isa = PBXBuildFile; fileRef = 7D09A7EA24BD8CF900683FB4 /* CollectionsViewModel.swift */; };
		7D09A7EE24BD91E700683FB4 /* CollectionCellViewModel.swift in Sources */ = {isa = PBXBuildFile; fileRef = 7D09A7ED24BD91E700683FB4 /* CollectionCellViewModel.swift */; };
		7D09A7F024BE8F9A00683FB4 /* CollectionCell.swift in Sources */ = {isa = PBXBuildFile; fileRef = 7D09A7EF24BE8F9A00683FB4 /* CollectionCell.swift */; };
		7D09A7F224BE956300683FB4 /* Extensions+UIColor.swift in Sources */ = {isa = PBXBuildFile; fileRef = 7D09A7F124BE956300683FB4 /* Extensions+UIColor.swift */; };
		7D09A7F624BE9C5200683FB4 /* UIScrollView+Rx.swift in Sources */ = {isa = PBXBuildFile; fileRef = 7D09A7F524BE9C5200683FB4 /* UIScrollView+Rx.swift */; };
		7D165A4824AF2FFC007C8F6D /* PinterestLayout.swift in Sources */ = {isa = PBXBuildFile; fileRef = 7D165A4724AF2FFC007C8F6D /* PinterestLayout.swift */; };
		7D19518B24906EA500A9C0A2 /* BindableType.swift in Sources */ = {isa = PBXBuildFile; fileRef = 7D19518A24906EA500A9C0A2 /* BindableType.swift */; };
		7D19518E2490725800A9C0A2 /* Extensions+ObservableType.swift in Sources */ = {isa = PBXBuildFile; fileRef = 7D19518D2490725800A9C0A2 /* Extensions+ObservableType.swift */; };
		7D1951902490A62600A9C0A2 /* HomeViewCell.swift in Sources */ = {isa = PBXBuildFile; fileRef = 7D19518F2490A62600A9C0A2 /* HomeViewCell.swift */; };
		7D1951922490E66800A9C0A2 /* HomeViewCellHeader.swift in Sources */ = {isa = PBXBuildFile; fileRef = 7D1951912490E66800A9C0A2 /* HomeViewCellHeader.swift */; };
		7D1951942491B83400A9C0A2 /* Extensions+UIView.swift in Sources */ = {isa = PBXBuildFile; fileRef = 7D1951932491B83400A9C0A2 /* Extensions+UIView.swift */; };
		7D1EEB6C24C59CA500BD324C /* SearchPhotosViewModel.swift in Sources */ = {isa = PBXBuildFile; fileRef = 7D1EEB6B24C59CA500BD324C /* SearchPhotosViewModel.swift */; };
		7D1EEB6F24C5A0FC00BD324C /* SearchPhotosCell.swift in Sources */ = {isa = PBXBuildFile; fileRef = 7D1EEB6E24C5A0FC00BD324C /* SearchPhotosCell.swift */; };
		7D2905A424C6F31400960A2E /* SearchPhotosCellModel.swift in Sources */ = {isa = PBXBuildFile; fileRef = 7D2905A324C6F31400960A2E /* SearchPhotosCellModel.swift */; };
		7D2905A624C6F50E00960A2E /* SearchPhotosCell.xib in Resources */ = {isa = PBXBuildFile; fileRef = 7D2905A524C6F50E00960A2E /* SearchPhotosCell.xib */; };
		7D63EFD624C926D9006B886B /* SearchServiceType.swift in Sources */ = {isa = PBXBuildFile; fileRef = 7D63EFD524C926D9006B886B /* SearchServiceType.swift */; };
		7D63EFD824C9276B006B886B /* SearchService.swift in Sources */ = {isa = PBXBuildFile; fileRef = 7D63EFD724C9276B006B886B /* SearchService.swift */; };
		7D63EFDA24C92AAA006B886B /* SearchPhotosViewController.swift in Sources */ = {isa = PBXBuildFile; fileRef = 7D63EFD924C92AAA006B886B /* SearchPhotosViewController.swift */; };
		7D78195C24B84BEC005DF56D /* UICollectionView+Identifiable.swift in Sources */ = {isa = PBXBuildFile; fileRef = 7D78195B24B84BEC005DF56D /* UICollectionView+Identifiable.swift */; };
		7D78195E24B84C1F005DF56D /* ClassIdentifiable.swift in Sources */ = {isa = PBXBuildFile; fileRef = 7D78195D24B84C1F005DF56D /* ClassIdentifiable.swift */; };
		7D78196024B84C8D005DF56D /* NibIdentifiable.swift in Sources */ = {isa = PBXBuildFile; fileRef = 7D78195F24B84C8D005DF56D /* NibIdentifiable.swift */; };
		7D78196224B84EDD005DF56D /* PinterestLayout+Rx.swift in Sources */ = {isa = PBXBuildFile; fileRef = 7D78196124B84EDD005DF56D /* PinterestLayout+Rx.swift */; };
		7D7D4F2A24C13BB10036D847 /* UIRefreshControl+Rx.swift in Sources */ = {isa = PBXBuildFile; fileRef = 7D7D4F2924C13BB10036D847 /* UIRefreshControl+Rx.swift */; };
		7D8CD8B0249C5BE600F3929C /* HomeViewCellFooter.swift in Sources */ = {isa = PBXBuildFile; fileRef = 7D8CD8AF249C5BE600F3929C /* HomeViewCellFooter.swift */; };
		7D8CD8B2249C5E5B00F3929C /* HomeViewCellFooterModel.swift in Sources */ = {isa = PBXBuildFile; fileRef = 7D8CD8B1249C5E5B00F3929C /* HomeViewCellFooterModel.swift */; };
		7D8CD8B4249C63C000F3929C /* UserServiceType.swift in Sources */ = {isa = PBXBuildFile; fileRef = 7D8CD8B3249C63C000F3929C /* UserServiceType.swift */; };
		7D8CD8B6249C68ED00F3929C /* Extensions+Int.swift in Sources */ = {isa = PBXBuildFile; fileRef = 7D8CD8B5249C68ED00F3929C /* Extensions+Int.swift */; };
		7D8CD8B9249C6B7F00F3929C /* UserService.swift in Sources */ = {isa = PBXBuildFile; fileRef = 7D8CD8B8249C6B7F00F3929C /* UserService.swift */; };
		7D923CE924BC0ECB0088B5BF /* SearchViewController.swift in Sources */ = {isa = PBXBuildFile; fileRef = 7D923CE824BC0ECB0088B5BF /* SearchViewController.swift */; };
		7D923CEC24BC22B40088B5BF /* SearchResultCellModel.swift in Sources */ = {isa = PBXBuildFile; fileRef = 7D923CEB24BC22B40088B5BF /* SearchResultCellModel.swift */; };
		7D923CEE24BC249E0088B5BF /* SearchViewModel.swift in Sources */ = {isa = PBXBuildFile; fileRef = 7D923CED24BC249E0088B5BF /* SearchViewModel.swift */; };
		7D923CF024BC27600088B5BF /* SearchResultCell.swift in Sources */ = {isa = PBXBuildFile; fileRef = 7D923CEF24BC27600088B5BF /* SearchResultCell.swift */; };
		7D923CF224BC35160088B5BF /* UITableView+Identifiable.swift in Sources */ = {isa = PBXBuildFile; fileRef = 7D923CF124BC35160088B5BF /* UITableView+Identifiable.swift */; };
		7D96A43424C5316B00C2CCFB /* UserProfileViewModel.swift in Sources */ = {isa = PBXBuildFile; fileRef = 7D96A43324C5316B00C2CCFB /* UserProfileViewModel.swift */; };
		7D96A43624C5317E00C2CCFB /* UserProfileViewController.swift in Sources */ = {isa = PBXBuildFile; fileRef = 7D96A43524C5317E00C2CCFB /* UserProfileViewController.swift */; };
		7D96A43824C5322000C2CCFB /* UserProfileViewController.xib in Resources */ = {isa = PBXBuildFile; fileRef = 7D96A43724C5322000C2CCFB /* UserProfileViewController.xib */; };
		7D96A43A24C534B500C2CCFB /* Extensions+String.swift in Sources */ = {isa = PBXBuildFile; fileRef = 7D96A43924C534B500C2CCFB /* Extensions+String.swift */; };
		7D96A43C24C534D900C2CCFB /* Extensions+Date.swift in Sources */ = {isa = PBXBuildFile; fileRef = 7D96A43B24C534D900C2CCFB /* Extensions+Date.swift */; };
		7D96A43F24C5356600C2CCFB /* PhotoDetailsViewModel.swift in Sources */ = {isa = PBXBuildFile; fileRef = 7D96A43E24C5356600C2CCFB /* PhotoDetailsViewModel.swift */; };
		7DA5423724AEDE5C002C5EE1 /* AddToCollectionViewModel.swift in Sources */ = {isa = PBXBuildFile; fileRef = 7DA5423624AEDE5C002C5EE1 /* AddToCollectionViewModel.swift */; };
		7DA5423C24AEE101002C5EE1 /* CollectionServiceType.swift in Sources */ = {isa = PBXBuildFile; fileRef = 7DA5423B24AEE101002C5EE1 /* CollectionServiceType.swift */; };
		7DA5423E24AEF2F9002C5EE1 /* CollectionService.swift in Sources */ = {isa = PBXBuildFile; fileRef = 7DA5423D24AEF2F9002C5EE1 /* CollectionService.swift */; };
		7DA5424124AEF58C002C5EE1 /* PhotoCollectionCellModel.swift in Sources */ = {isa = PBXBuildFile; fileRef = 7DA5424024AEF58C002C5EE1 /* PhotoCollectionCellModel.swift */; };
		7DA5424324AF0DBB002C5EE1 /* PhotoCollectionViewCell.swift in Sources */ = {isa = PBXBuildFile; fileRef = 7DA5424224AF0DBB002C5EE1 /* PhotoCollectionViewCell.swift */; };
		7DD09E042485FF7E00FA0006 /* SceneCoordinator.swift in Sources */ = {isa = PBXBuildFile; fileRef = 7DD09E032485FF7E00FA0006 /* SceneCoordinator.swift */; };
		7DD98E0824403CAC0051809A /* AppDelegate.swift in Sources */ = {isa = PBXBuildFile; fileRef = 7DD98E0724403CAC0051809A /* AppDelegate.swift */; };
		7DD98E0C24403CAC0051809A /* ViewController.swift in Sources */ = {isa = PBXBuildFile; fileRef = 7DD98E0B24403CAC0051809A /* ViewController.swift */; };
		7DD98E0F24403CAC0051809A /* Main.storyboard in Resources */ = {isa = PBXBuildFile; fileRef = 7DD98E0D24403CAC0051809A /* Main.storyboard */; };
		7DD98E1124403CAD0051809A /* Assets.xcassets in Resources */ = {isa = PBXBuildFile; fileRef = 7DD98E1024403CAD0051809A /* Assets.xcassets */; };
		7DD98E1424403CAD0051809A /* LaunchScreen.storyboard in Resources */ = {isa = PBXBuildFile; fileRef = 7DD98E1224403CAD0051809A /* LaunchScreen.storyboard */; };
		7DD98E1F24403CAD0051809A /* SplashTests.swift in Sources */ = {isa = PBXBuildFile; fileRef = 7DD98E1E24403CAD0051809A /* SplashTests.swift */; };
		7DD98E2A24403CAE0051809A /* SplashUITests.swift in Sources */ = {isa = PBXBuildFile; fileRef = 7DD98E2924403CAE0051809A /* SplashUITests.swift */; };
		7DDCB98E24B2EA0E006C6D63 /* AlertViewModel.swift in Sources */ = {isa = PBXBuildFile; fileRef = 7DDCB98D24B2EA0E006C6D63 /* AlertViewModel.swift */; };
		7DDCB99024B2ED20006C6D63 /* AlertViewController.swift in Sources */ = {isa = PBXBuildFile; fileRef = 7DDCB98F24B2ED20006C6D63 /* AlertViewController.swift */; };
		7DDCB99224B2F146006C6D63 /* UIAlertController+Rx.swift in Sources */ = {isa = PBXBuildFile; fileRef = 7DDCB99124B2F146006C6D63 /* UIAlertController+Rx.swift */; };
		7DDCB99424B2F543006C6D63 /* Hero+Rx.swift in Sources */ = {isa = PBXBuildFile; fileRef = 7DDCB99324B2F543006C6D63 /* Hero+Rx.swift */; };
		7DDCB99724B58CD9006C6D63 /* CreateCollectionViewModel.swift in Sources */ = {isa = PBXBuildFile; fileRef = 7DDCB99624B58CD9006C6D63 /* CreateCollectionViewModel.swift */; };
		7DDCB99924B59828006C6D63 /* SplashNavigationController.swift in Sources */ = {isa = PBXBuildFile; fileRef = 7DDCB99824B59828006C6D63 /* SplashNavigationController.swift */; };
		7DED447A2473E48E0049E205 /* SceneTransitionType.swift in Sources */ = {isa = PBXBuildFile; fileRef = 7DED44792473E48E0049E205 /* SceneTransitionType.swift */; };
		7DED447C2473E5580049E205 /* SceneCoordinatorType.swift in Sources */ = {isa = PBXBuildFile; fileRef = 7DED447B2473E5580049E205 /* SceneCoordinatorType.swift */; };
		7DED447E2473E5C50049E205 /* Scene.swift in Sources */ = {isa = PBXBuildFile; fileRef = 7DED447D2473E5C50049E205 /* Scene.swift */; };
		7DED44822473E96E0049E205 /* Constants.swift in Sources */ = {isa = PBXBuildFile; fileRef = 7DED44812473E96E0049E205 /* Constants.swift */; };
		7DED44842474BC820049E205 /* User.swift in Sources */ = {isa = PBXBuildFile; fileRef = 7DED44832474BC820049E205 /* User.swift */; };
		7DED44862474CBB90049E205 /* ProfileImage.swift in Sources */ = {isa = PBXBuildFile; fileRef = 7DED44852474CBB90049E205 /* ProfileImage.swift */; };
		7DED44882474CC010049E205 /* Photo.swift in Sources */ = {isa = PBXBuildFile; fileRef = 7DED44872474CC010049E205 /* Photo.swift */; };
		7DED448A24760CF30049E205 /* Location.swift in Sources */ = {isa = PBXBuildFile; fileRef = 7DED448924760CF30049E205 /* Location.swift */; };
		7DED448C24760DC90049E205 /* Tag.swift in Sources */ = {isa = PBXBuildFile; fileRef = 7DED448B24760DC90049E205 /* Tag.swift */; };
		7DED448E24760E170049E205 /* PhotoCollection.swift in Sources */ = {isa = PBXBuildFile; fileRef = 7DED448D24760E170049E205 /* PhotoCollection.swift */; };
		7DED449024760F4A0049E205 /* Exif.swift in Sources */ = {isa = PBXBuildFile; fileRef = 7DED448F24760F4A0049E205 /* Exif.swift */; };
		7DED449224760FF40049E205 /* ImageURLs.swift in Sources */ = {isa = PBXBuildFile; fileRef = 7DED449124760FF40049E205 /* ImageURLs.swift */; };
		7DED4494247610470049E205 /* Links.swift in Sources */ = {isa = PBXBuildFile; fileRef = 7DED4493247610470049E205 /* Links.swift */; };
		7DED4496247641250049E205 /* LikeUnlike.swift in Sources */ = {isa = PBXBuildFile; fileRef = 7DED4495247641250049E205 /* LikeUnlike.swift */; };
		7DED4498247641E10049E205 /* SearchResults.swift in Sources */ = {isa = PBXBuildFile; fileRef = 7DED4497247641E10049E205 /* SearchResults.swift */; };
		7DED449A247642FE0049E205 /* PhotoStatistics.swift in Sources */ = {isa = PBXBuildFile; fileRef = 7DED4499247642FE0049E205 /* PhotoStatistics.swift */; };
		7DED449C2476446E0049E205 /* UserAuthToken.swift in Sources */ = {isa = PBXBuildFile; fileRef = 7DED449B2476446E0049E205 /* UserAuthToken.swift */; };
		7DED449E247645270049E205 /* AuthError.swift in Sources */ = {isa = PBXBuildFile; fileRef = 7DED449D247645270049E205 /* AuthError.swift */; };
		7DED44A224764A680049E205 /* Cache.swift in Sources */ = {isa = PBXBuildFile; fileRef = 7DED44A124764A680049E205 /* Cache.swift */; };
		7DED44A4247651770049E205 /* Splash+Style.swift in Sources */ = {isa = PBXBuildFile; fileRef = 7DED44A3247651770049E205 /* Splash+Style.swift */; };
		7DED44A6247651910049E205 /* Splash.swift in Sources */ = {isa = PBXBuildFile; fileRef = 7DED44A5247651910049E205 /* Splash.swift */; };
		7DED44A8247653C80049E205 /* SplashError.swift in Sources */ = {isa = PBXBuildFile; fileRef = 7DED44A7247653C80049E205 /* SplashError.swift */; };
		7DED44AB24768B400049E205 /* SplashTabBarController.swift in Sources */ = {isa = PBXBuildFile; fileRef = 7DED44AA24768B400049E205 /* SplashTabBarController.swift */; };
		7DED44AE24768BC60049E205 /* HomeViewController.swift in Sources */ = {isa = PBXBuildFile; fileRef = 7DED44AD24768BC60049E205 /* HomeViewController.swift */; };
		7DED44B024768C490049E205 /* HomeViewModel.swift in Sources */ = {isa = PBXBuildFile; fileRef = 7DED44AF24768C490049E205 /* HomeViewModel.swift */; };
		7DED44BC247DF7810049E205 /* HomeViewCellModel.swift in Sources */ = {isa = PBXBuildFile; fileRef = 7DED44BB247DF7810049E205 /* HomeViewCellModel.swift */; };
		7DED44C0247DF8E70049E205 /* HomeViewCellHeaderModel.swift in Sources */ = {isa = PBXBuildFile; fileRef = 7DED44BF247DF8E70049E205 /* HomeViewCellHeaderModel.swift */; };
		7DED44C4247E056C0049E205 /* PhotoService.swift in Sources */ = {isa = PBXBuildFile; fileRef = 7DED44C3247E056C0049E205 /* PhotoService.swift */; };
		7DED44C6247E058A0049E205 /* PhotoServiceType.swift in Sources */ = {isa = PBXBuildFile; fileRef = 7DED44C5247E058A0049E205 /* PhotoServiceType.swift */; };
		7DED44C9247E06820049E205 /* Orientation.swift in Sources */ = {isa = PBXBuildFile; fileRef = 7DED44C8247E06820049E205 /* Orientation.swift */; };
		7DED44CB247E06B60049E205 /* OrderBy.swift in Sources */ = {isa = PBXBuildFile; fileRef = 7DED44CA247E06B60049E205 /* OrderBy.swift */; };
		7DED44CD247F47FD0049E205 /* UnSplash.swift in Sources */ = {isa = PBXBuildFile; fileRef = 7DED44CC247F47FD0049E205 /* UnSplash.swift */; };
		7DFDF1D024C1398800990C1A /* UIBarButtonItem+Rx.swift in Sources */ = {isa = PBXBuildFile; fileRef = 7DFDF1CF24C1398800990C1A /* UIBarButtonItem+Rx.swift */; };
		B504D98123B5EFA25E5B92F2 /* Pods_SplashTests.framework in Frameworks */ = {isa = PBXBuildFile; fileRef = 570CC6AAEC09E12FD153EE65 /* Pods_SplashTests.framework */; };
		EBB5D7FC3E075CE8612143D2 /* Pods_Splash_SplashUITests.framework in Frameworks */ = {isa = PBXBuildFile; fileRef = C62C312D0ECABB84598F2A2E /* Pods_Splash_SplashUITests.framework */; };
/* End PBXBuildFile section */

/* Begin PBXContainerItemProxy section */
		7DD98E1B24403CAD0051809A /* PBXContainerItemProxy */ = {
			isa = PBXContainerItemProxy;
			containerPortal = 7DD98DFC24403CAC0051809A /* Project object */;
			proxyType = 1;
			remoteGlobalIDString = 7DD98E0324403CAC0051809A;
			remoteInfo = Splash;
		};
		7DD98E2624403CAD0051809A /* PBXContainerItemProxy */ = {
			isa = PBXContainerItemProxy;
			containerPortal = 7DD98DFC24403CAC0051809A /* Project object */;
			proxyType = 1;
			remoteGlobalIDString = 7DD98E0324403CAC0051809A;
			remoteInfo = Splash;
		};
/* End PBXContainerItemProxy section */

/* Begin PBXFileReference section */
		19ABE9D1BBD8448B26AC765B /* Pods-SplashTests.debug.xcconfig */ = {isa = PBXFileReference; includeInIndex = 1; lastKnownFileType = text.xcconfig; name = "Pods-SplashTests.debug.xcconfig"; path = "Target Support Files/Pods-SplashTests/Pods-SplashTests.debug.xcconfig"; sourceTree = "<group>"; };
		4B59587B348E7B1553A923DB /* Pods-Splash-SplashUITests.release.xcconfig */ = {isa = PBXFileReference; includeInIndex = 1; lastKnownFileType = text.xcconfig; name = "Pods-Splash-SplashUITests.release.xcconfig"; path = "Target Support Files/Pods-Splash-SplashUITests/Pods-Splash-SplashUITests.release.xcconfig"; sourceTree = "<group>"; };
		570CC6AAEC09E12FD153EE65 /* Pods_SplashTests.framework */ = {isa = PBXFileReference; explicitFileType = wrapper.framework; includeInIndex = 0; path = Pods_SplashTests.framework; sourceTree = BUILT_PRODUCTS_DIR; };
		5E543ACB27EAE1EA25556950 /* Pods-SplashTests.release.xcconfig */ = {isa = PBXFileReference; includeInIndex = 1; lastKnownFileType = text.xcconfig; name = "Pods-SplashTests.release.xcconfig"; path = "Target Support Files/Pods-SplashTests/Pods-SplashTests.release.xcconfig"; sourceTree = "<group>"; };
		6D446D6023B04AA8D94E8538 /* Pods-Splash.debug.xcconfig */ = {isa = PBXFileReference; includeInIndex = 1; lastKnownFileType = text.xcconfig; name = "Pods-Splash.debug.xcconfig"; path = "Target Support Files/Pods-Splash/Pods-Splash.debug.xcconfig"; sourceTree = "<group>"; };
		7D09A7E524BD86E300683FB4 /* SearchViewController.xib */ = {isa = PBXFileReference; lastKnownFileType = file.xib; path = SearchViewController.xib; sourceTree = "<group>"; };
		7D09A7E824BD8C6900683FB4 /* CollectionsViewController.swift */ = {isa = PBXFileReference; lastKnownFileType = sourcecode.swift; path = CollectionsViewController.swift; sourceTree = "<group>"; };
		7D09A7EA24BD8CF900683FB4 /* CollectionsViewModel.swift */ = {isa = PBXFileReference; lastKnownFileType = sourcecode.swift; path = CollectionsViewModel.swift; sourceTree = "<group>"; };
		7D09A7ED24BD91E700683FB4 /* CollectionCellViewModel.swift */ = {isa = PBXFileReference; lastKnownFileType = sourcecode.swift; path = CollectionCellViewModel.swift; sourceTree = "<group>"; };
		7D09A7EF24BE8F9A00683FB4 /* CollectionCell.swift */ = {isa = PBXFileReference; lastKnownFileType = sourcecode.swift; path = CollectionCell.swift; sourceTree = "<group>"; };
		7D09A7F124BE956300683FB4 /* Extensions+UIColor.swift */ = {isa = PBXFileReference; lastKnownFileType = sourcecode.swift; path = "Extensions+UIColor.swift"; sourceTree = "<group>"; };
		7D09A7F524BE9C5200683FB4 /* UIScrollView+Rx.swift */ = {isa = PBXFileReference; lastKnownFileType = sourcecode.swift; path = "UIScrollView+Rx.swift"; sourceTree = "<group>"; };
		7D165A4724AF2FFC007C8F6D /* PinterestLayout.swift */ = {isa = PBXFileReference; lastKnownFileType = sourcecode.swift; path = PinterestLayout.swift; sourceTree = "<group>"; };
		7D19518A24906EA500A9C0A2 /* BindableType.swift */ = {isa = PBXFileReference; lastKnownFileType = sourcecode.swift; path = BindableType.swift; sourceTree = "<group>"; };
		7D19518D2490725800A9C0A2 /* Extensions+ObservableType.swift */ = {isa = PBXFileReference; lastKnownFileType = sourcecode.swift; path = "Extensions+ObservableType.swift"; sourceTree = "<group>"; };
		7D19518F2490A62600A9C0A2 /* HomeViewCell.swift */ = {isa = PBXFileReference; lastKnownFileType = sourcecode.swift; path = HomeViewCell.swift; sourceTree = "<group>"; };
		7D1951912490E66800A9C0A2 /* HomeViewCellHeader.swift */ = {isa = PBXFileReference; lastKnownFileType = sourcecode.swift; path = HomeViewCellHeader.swift; sourceTree = "<group>"; };
		7D1951932491B83400A9C0A2 /* Extensions+UIView.swift */ = {isa = PBXFileReference; lastKnownFileType = sourcecode.swift; path = "Extensions+UIView.swift"; sourceTree = "<group>"; };
		7D1EEB6B24C59CA500BD324C /* SearchPhotosViewModel.swift */ = {isa = PBXFileReference; lastKnownFileType = sourcecode.swift; path = SearchPhotosViewModel.swift; sourceTree = "<group>"; };
		7D1EEB6E24C5A0FC00BD324C /* SearchPhotosCell.swift */ = {isa = PBXFileReference; lastKnownFileType = sourcecode.swift; path = SearchPhotosCell.swift; sourceTree = "<group>"; };
		7D2905A324C6F31400960A2E /* SearchPhotosCellModel.swift */ = {isa = PBXFileReference; lastKnownFileType = sourcecode.swift; path = SearchPhotosCellModel.swift; sourceTree = "<group>"; };
		7D2905A524C6F50E00960A2E /* SearchPhotosCell.xib */ = {isa = PBXFileReference; lastKnownFileType = file.xib; path = SearchPhotosCell.xib; sourceTree = "<group>"; };
		7D63EFD524C926D9006B886B /* SearchServiceType.swift */ = {isa = PBXFileReference; lastKnownFileType = sourcecode.swift; path = SearchServiceType.swift; sourceTree = "<group>"; };
		7D63EFD724C9276B006B886B /* SearchService.swift */ = {isa = PBXFileReference; lastKnownFileType = sourcecode.swift; path = SearchService.swift; sourceTree = "<group>"; };
		7D63EFD924C92AAA006B886B /* SearchPhotosViewController.swift */ = {isa = PBXFileReference; lastKnownFileType = sourcecode.swift; path = SearchPhotosViewController.swift; sourceTree = "<group>"; };
		7D78195B24B84BEC005DF56D /* UICollectionView+Identifiable.swift */ = {isa = PBXFileReference; lastKnownFileType = sourcecode.swift; path = "UICollectionView+Identifiable.swift"; sourceTree = "<group>"; };
		7D78195D24B84C1F005DF56D /* ClassIdentifiable.swift */ = {isa = PBXFileReference; lastKnownFileType = sourcecode.swift; path = ClassIdentifiable.swift; sourceTree = "<group>"; };
		7D78195F24B84C8D005DF56D /* NibIdentifiable.swift */ = {isa = PBXFileReference; lastKnownFileType = sourcecode.swift; path = NibIdentifiable.swift; sourceTree = "<group>"; };
		7D78196124B84EDD005DF56D /* PinterestLayout+Rx.swift */ = {isa = PBXFileReference; lastKnownFileType = sourcecode.swift; path = "PinterestLayout+Rx.swift"; sourceTree = "<group>"; };
		7D7D4F2924C13BB10036D847 /* UIRefreshControl+Rx.swift */ = {isa = PBXFileReference; lastKnownFileType = sourcecode.swift; path = "UIRefreshControl+Rx.swift"; sourceTree = "<group>"; };
		7D8CD8AF249C5BE600F3929C /* HomeViewCellFooter.swift */ = {isa = PBXFileReference; lastKnownFileType = sourcecode.swift; path = HomeViewCellFooter.swift; sourceTree = "<group>"; };
		7D8CD8B1249C5E5B00F3929C /* HomeViewCellFooterModel.swift */ = {isa = PBXFileReference; lastKnownFileType = sourcecode.swift; path = HomeViewCellFooterModel.swift; sourceTree = "<group>"; };
		7D8CD8B3249C63C000F3929C /* UserServiceType.swift */ = {isa = PBXFileReference; lastKnownFileType = sourcecode.swift; path = UserServiceType.swift; sourceTree = "<group>"; };
		7D8CD8B5249C68ED00F3929C /* Extensions+Int.swift */ = {isa = PBXFileReference; lastKnownFileType = sourcecode.swift; path = "Extensions+Int.swift"; sourceTree = "<group>"; };
		7D8CD8B8249C6B7F00F3929C /* UserService.swift */ = {isa = PBXFileReference; lastKnownFileType = sourcecode.swift; path = UserService.swift; sourceTree = "<group>"; };
		7D923CE824BC0ECB0088B5BF /* SearchViewController.swift */ = {isa = PBXFileReference; lastKnownFileType = sourcecode.swift; path = SearchViewController.swift; sourceTree = "<group>"; };
		7D923CEB24BC22B40088B5BF /* SearchResultCellModel.swift */ = {isa = PBXFileReference; lastKnownFileType = sourcecode.swift; path = SearchResultCellModel.swift; sourceTree = "<group>"; };
		7D923CED24BC249E0088B5BF /* SearchViewModel.swift */ = {isa = PBXFileReference; lastKnownFileType = sourcecode.swift; path = SearchViewModel.swift; sourceTree = "<group>"; };
		7D923CEF24BC27600088B5BF /* SearchResultCell.swift */ = {isa = PBXFileReference; lastKnownFileType = sourcecode.swift; path = SearchResultCell.swift; sourceTree = "<group>"; };
		7D923CF124BC35160088B5BF /* UITableView+Identifiable.swift */ = {isa = PBXFileReference; lastKnownFileType = sourcecode.swift; path = "UITableView+Identifiable.swift"; sourceTree = "<group>"; };
		7D96A43324C5316B00C2CCFB /* UserProfileViewModel.swift */ = {isa = PBXFileReference; lastKnownFileType = sourcecode.swift; path = UserProfileViewModel.swift; sourceTree = "<group>"; };
		7D96A43524C5317E00C2CCFB /* UserProfileViewController.swift */ = {isa = PBXFileReference; lastKnownFileType = sourcecode.swift; path = UserProfileViewController.swift; sourceTree = "<group>"; };
		7D96A43724C5322000C2CCFB /* UserProfileViewController.xib */ = {isa = PBXFileReference; lastKnownFileType = file.xib; path = UserProfileViewController.xib; sourceTree = "<group>"; };
		7D96A43924C534B500C2CCFB /* Extensions+String.swift */ = {isa = PBXFileReference; lastKnownFileType = sourcecode.swift; path = "Extensions+String.swift"; sourceTree = "<group>"; };
		7D96A43B24C534D900C2CCFB /* Extensions+Date.swift */ = {isa = PBXFileReference; lastKnownFileType = sourcecode.swift; path = "Extensions+Date.swift"; sourceTree = "<group>"; };
		7D96A43E24C5356600C2CCFB /* PhotoDetailsViewModel.swift */ = {isa = PBXFileReference; lastKnownFileType = sourcecode.swift; path = PhotoDetailsViewModel.swift; sourceTree = "<group>"; };
		7DA5423624AEDE5C002C5EE1 /* AddToCollectionViewModel.swift */ = {isa = PBXFileReference; lastKnownFileType = sourcecode.swift; path = AddToCollectionViewModel.swift; sourceTree = "<group>"; };
		7DA5423B24AEE101002C5EE1 /* CollectionServiceType.swift */ = {isa = PBXFileReference; lastKnownFileType = sourcecode.swift; path = CollectionServiceType.swift; sourceTree = "<group>"; };
		7DA5423D24AEF2F9002C5EE1 /* CollectionService.swift */ = {isa = PBXFileReference; lastKnownFileType = sourcecode.swift; path = CollectionService.swift; sourceTree = "<group>"; };
		7DA5424024AEF58C002C5EE1 /* PhotoCollectionCellModel.swift */ = {isa = PBXFileReference; lastKnownFileType = sourcecode.swift; path = PhotoCollectionCellModel.swift; sourceTree = "<group>"; };
		7DA5424224AF0DBB002C5EE1 /* PhotoCollectionViewCell.swift */ = {isa = PBXFileReference; lastKnownFileType = sourcecode.swift; path = PhotoCollectionViewCell.swift; sourceTree = "<group>"; };
		7DD09E032485FF7E00FA0006 /* SceneCoordinator.swift */ = {isa = PBXFileReference; lastKnownFileType = sourcecode.swift; path = SceneCoordinator.swift; sourceTree = "<group>"; };
		7DD98E0424403CAC0051809A /* Splash.app */ = {isa = PBXFileReference; explicitFileType = wrapper.application; includeInIndex = 0; path = Splash.app; sourceTree = BUILT_PRODUCTS_DIR; };
		7DD98E0724403CAC0051809A /* AppDelegate.swift */ = {isa = PBXFileReference; lastKnownFileType = sourcecode.swift; path = AppDelegate.swift; sourceTree = "<group>"; };
		7DD98E0B24403CAC0051809A /* ViewController.swift */ = {isa = PBXFileReference; lastKnownFileType = sourcecode.swift; path = ViewController.swift; sourceTree = "<group>"; };
		7DD98E0E24403CAC0051809A /* Base */ = {isa = PBXFileReference; lastKnownFileType = file.storyboard; name = Base; path = Base.lproj/Main.storyboard; sourceTree = "<group>"; };
		7DD98E1024403CAD0051809A /* Assets.xcassets */ = {isa = PBXFileReference; lastKnownFileType = folder.assetcatalog; path = Assets.xcassets; sourceTree = "<group>"; };
		7DD98E1324403CAD0051809A /* Base */ = {isa = PBXFileReference; lastKnownFileType = file.storyboard; name = Base; path = Base.lproj/LaunchScreen.storyboard; sourceTree = "<group>"; };
		7DD98E1524403CAD0051809A /* Info.plist */ = {isa = PBXFileReference; lastKnownFileType = text.plist.xml; path = Info.plist; sourceTree = "<group>"; };
		7DD98E1A24403CAD0051809A /* SplashTests.xctest */ = {isa = PBXFileReference; explicitFileType = wrapper.cfbundle; includeInIndex = 0; path = SplashTests.xctest; sourceTree = BUILT_PRODUCTS_DIR; };
		7DD98E1E24403CAD0051809A /* SplashTests.swift */ = {isa = PBXFileReference; lastKnownFileType = sourcecode.swift; path = SplashTests.swift; sourceTree = "<group>"; };
		7DD98E2024403CAD0051809A /* Info.plist */ = {isa = PBXFileReference; lastKnownFileType = text.plist.xml; path = Info.plist; sourceTree = "<group>"; };
		7DD98E2524403CAD0051809A /* SplashUITests.xctest */ = {isa = PBXFileReference; explicitFileType = wrapper.cfbundle; includeInIndex = 0; path = SplashUITests.xctest; sourceTree = BUILT_PRODUCTS_DIR; };
		7DD98E2924403CAE0051809A /* SplashUITests.swift */ = {isa = PBXFileReference; lastKnownFileType = sourcecode.swift; path = SplashUITests.swift; sourceTree = "<group>"; };
		7DD98E2B24403CAE0051809A /* Info.plist */ = {isa = PBXFileReference; lastKnownFileType = text.plist.xml; path = Info.plist; sourceTree = "<group>"; };
		7DDCB98D24B2EA0E006C6D63 /* AlertViewModel.swift */ = {isa = PBXFileReference; lastKnownFileType = sourcecode.swift; path = AlertViewModel.swift; sourceTree = "<group>"; };
		7DDCB98F24B2ED20006C6D63 /* AlertViewController.swift */ = {isa = PBXFileReference; lastKnownFileType = sourcecode.swift; path = AlertViewController.swift; sourceTree = "<group>"; };
		7DDCB99124B2F146006C6D63 /* UIAlertController+Rx.swift */ = {isa = PBXFileReference; lastKnownFileType = sourcecode.swift; path = "UIAlertController+Rx.swift"; sourceTree = "<group>"; };
		7DDCB99324B2F543006C6D63 /* Hero+Rx.swift */ = {isa = PBXFileReference; lastKnownFileType = sourcecode.swift; path = "Hero+Rx.swift"; sourceTree = "<group>"; };
		7DDCB99624B58CD9006C6D63 /* CreateCollectionViewModel.swift */ = {isa = PBXFileReference; lastKnownFileType = sourcecode.swift; path = CreateCollectionViewModel.swift; sourceTree = "<group>"; };
		7DDCB99824B59828006C6D63 /* SplashNavigationController.swift */ = {isa = PBXFileReference; lastKnownFileType = sourcecode.swift; path = SplashNavigationController.swift; sourceTree = "<group>"; };
		7DED44792473E48E0049E205 /* SceneTransitionType.swift */ = {isa = PBXFileReference; lastKnownFileType = sourcecode.swift; path = SceneTransitionType.swift; sourceTree = "<group>"; };
		7DED447B2473E5580049E205 /* SceneCoordinatorType.swift */ = {isa = PBXFileReference; lastKnownFileType = sourcecode.swift; path = SceneCoordinatorType.swift; sourceTree = "<group>"; };
		7DED447D2473E5C50049E205 /* Scene.swift */ = {isa = PBXFileReference; lastKnownFileType = sourcecode.swift; path = Scene.swift; sourceTree = "<group>"; };
		7DED44812473E96E0049E205 /* Constants.swift */ = {isa = PBXFileReference; lastKnownFileType = sourcecode.swift; path = Constants.swift; sourceTree = "<group>"; };
		7DED44832474BC820049E205 /* User.swift */ = {isa = PBXFileReference; lastKnownFileType = sourcecode.swift; path = User.swift; sourceTree = "<group>"; };
		7DED44852474CBB90049E205 /* ProfileImage.swift */ = {isa = PBXFileReference; lastKnownFileType = sourcecode.swift; path = ProfileImage.swift; sourceTree = "<group>"; };
		7DED44872474CC010049E205 /* Photo.swift */ = {isa = PBXFileReference; lastKnownFileType = sourcecode.swift; path = Photo.swift; sourceTree = "<group>"; };
		7DED448924760CF30049E205 /* Location.swift */ = {isa = PBXFileReference; lastKnownFileType = sourcecode.swift; path = Location.swift; sourceTree = "<group>"; };
		7DED448B24760DC90049E205 /* Tag.swift */ = {isa = PBXFileReference; lastKnownFileType = sourcecode.swift; path = Tag.swift; sourceTree = "<group>"; };
		7DED448D24760E170049E205 /* PhotoCollection.swift */ = {isa = PBXFileReference; lastKnownFileType = sourcecode.swift; path = PhotoCollection.swift; sourceTree = "<group>"; };
		7DED448F24760F4A0049E205 /* Exif.swift */ = {isa = PBXFileReference; lastKnownFileType = sourcecode.swift; path = Exif.swift; sourceTree = "<group>"; };
		7DED449124760FF40049E205 /* ImageURLs.swift */ = {isa = PBXFileReference; lastKnownFileType = sourcecode.swift; path = ImageURLs.swift; sourceTree = "<group>"; };
		7DED4493247610470049E205 /* Links.swift */ = {isa = PBXFileReference; lastKnownFileType = sourcecode.swift; path = Links.swift; sourceTree = "<group>"; };
		7DED4495247641250049E205 /* LikeUnlike.swift */ = {isa = PBXFileReference; lastKnownFileType = sourcecode.swift; path = LikeUnlike.swift; sourceTree = "<group>"; };
		7DED4497247641E10049E205 /* SearchResults.swift */ = {isa = PBXFileReference; lastKnownFileType = sourcecode.swift; path = SearchResults.swift; sourceTree = "<group>"; };
		7DED4499247642FE0049E205 /* PhotoStatistics.swift */ = {isa = PBXFileReference; lastKnownFileType = sourcecode.swift; path = PhotoStatistics.swift; sourceTree = "<group>"; };
		7DED449B2476446E0049E205 /* UserAuthToken.swift */ = {isa = PBXFileReference; lastKnownFileType = sourcecode.swift; path = UserAuthToken.swift; sourceTree = "<group>"; };
		7DED449D247645270049E205 /* AuthError.swift */ = {isa = PBXFileReference; lastKnownFileType = sourcecode.swift; path = AuthError.swift; sourceTree = "<group>"; };
		7DED44A124764A680049E205 /* Cache.swift */ = {isa = PBXFileReference; lastKnownFileType = sourcecode.swift; path = Cache.swift; sourceTree = "<group>"; };
		7DED44A3247651770049E205 /* Splash+Style.swift */ = {isa = PBXFileReference; lastKnownFileType = sourcecode.swift; path = "Splash+Style.swift"; sourceTree = "<group>"; };
		7DED44A5247651910049E205 /* Splash.swift */ = {isa = PBXFileReference; lastKnownFileType = sourcecode.swift; path = Splash.swift; sourceTree = "<group>"; };
		7DED44A7247653C80049E205 /* SplashError.swift */ = {isa = PBXFileReference; lastKnownFileType = sourcecode.swift; path = SplashError.swift; sourceTree = "<group>"; };
		7DED44AA24768B400049E205 /* SplashTabBarController.swift */ = {isa = PBXFileReference; lastKnownFileType = sourcecode.swift; path = SplashTabBarController.swift; sourceTree = "<group>"; };
		7DED44AD24768BC60049E205 /* HomeViewController.swift */ = {isa = PBXFileReference; lastKnownFileType = sourcecode.swift; path = HomeViewController.swift; sourceTree = "<group>"; };
		7DED44AF24768C490049E205 /* HomeViewModel.swift */ = {isa = PBXFileReference; lastKnownFileType = sourcecode.swift; path = HomeViewModel.swift; sourceTree = "<group>"; };
		7DED44BB247DF7810049E205 /* HomeViewCellModel.swift */ = {isa = PBXFileReference; lastKnownFileType = sourcecode.swift; path = HomeViewCellModel.swift; sourceTree = "<group>"; };
		7DED44BF247DF8E70049E205 /* HomeViewCellHeaderModel.swift */ = {isa = PBXFileReference; lastKnownFileType = sourcecode.swift; path = HomeViewCellHeaderModel.swift; sourceTree = "<group>"; };
		7DED44C3247E056C0049E205 /* PhotoService.swift */ = {isa = PBXFileReference; lastKnownFileType = sourcecode.swift; path = PhotoService.swift; sourceTree = "<group>"; };
		7DED44C5247E058A0049E205 /* PhotoServiceType.swift */ = {isa = PBXFileReference; lastKnownFileType = sourcecode.swift; path = PhotoServiceType.swift; sourceTree = "<group>"; };
		7DED44C8247E06820049E205 /* Orientation.swift */ = {isa = PBXFileReference; lastKnownFileType = sourcecode.swift; path = Orientation.swift; sourceTree = "<group>"; };
		7DED44CA247E06B60049E205 /* OrderBy.swift */ = {isa = PBXFileReference; lastKnownFileType = sourcecode.swift; path = OrderBy.swift; sourceTree = "<group>"; };
		7DED44CC247F47FD0049E205 /* UnSplash.swift */ = {isa = PBXFileReference; lastKnownFileType = sourcecode.swift; path = UnSplash.swift; sourceTree = "<group>"; };
		7DFDF1CF24C1398800990C1A /* UIBarButtonItem+Rx.swift */ = {isa = PBXFileReference; lastKnownFileType = sourcecode.swift; path = "UIBarButtonItem+Rx.swift"; sourceTree = "<group>"; };
		B9E1D9023CE229121F80B2EE /* Pods-Splash.release.xcconfig */ = {isa = PBXFileReference; includeInIndex = 1; lastKnownFileType = text.xcconfig; name = "Pods-Splash.release.xcconfig"; path = "Target Support Files/Pods-Splash/Pods-Splash.release.xcconfig"; sourceTree = "<group>"; };
		C62C312D0ECABB84598F2A2E /* Pods_Splash_SplashUITests.framework */ = {isa = PBXFileReference; explicitFileType = wrapper.framework; includeInIndex = 0; path = Pods_Splash_SplashUITests.framework; sourceTree = BUILT_PRODUCTS_DIR; };
		E0DBBA000A9C1EEEB3C96E60 /* Pods-Splash-SplashUITests.debug.xcconfig */ = {isa = PBXFileReference; includeInIndex = 1; lastKnownFileType = text.xcconfig; name = "Pods-Splash-SplashUITests.debug.xcconfig"; path = "Target Support Files/Pods-Splash-SplashUITests/Pods-Splash-SplashUITests.debug.xcconfig"; sourceTree = "<group>"; };
		E7BCC9D6591F79F8FAD62804 /* Pods_Splash.framework */ = {isa = PBXFileReference; explicitFileType = wrapper.framework; includeInIndex = 0; path = Pods_Splash.framework; sourceTree = BUILT_PRODUCTS_DIR; };
/* End PBXFileReference section */

/* Begin PBXFrameworksBuildPhase section */
		7DD98E0124403CAC0051809A /* Frameworks */ = {
			isa = PBXFrameworksBuildPhase;
			buildActionMask = 2147483647;
			files = (
				29112690B364F192C4FCFF18 /* Pods_Splash.framework in Frameworks */,
			);
			runOnlyForDeploymentPostprocessing = 0;
		};
		7DD98E1724403CAD0051809A /* Frameworks */ = {
			isa = PBXFrameworksBuildPhase;
			buildActionMask = 2147483647;
			files = (
				B504D98123B5EFA25E5B92F2 /* Pods_SplashTests.framework in Frameworks */,
			);
			runOnlyForDeploymentPostprocessing = 0;
		};
		7DD98E2224403CAD0051809A /* Frameworks */ = {
			isa = PBXFrameworksBuildPhase;
			buildActionMask = 2147483647;
			files = (
				EBB5D7FC3E075CE8612143D2 /* Pods_Splash_SplashUITests.framework in Frameworks */,
			);
			runOnlyForDeploymentPostprocessing = 0;
		};
/* End PBXFrameworksBuildPhase section */

/* Begin PBXGroup section */
		1077C759C14747424C3ECB12 /* Pods */ = {
			isa = PBXGroup;
			children = (
				6D446D6023B04AA8D94E8538 /* Pods-Splash.debug.xcconfig */,
				B9E1D9023CE229121F80B2EE /* Pods-Splash.release.xcconfig */,
				E0DBBA000A9C1EEEB3C96E60 /* Pods-Splash-SplashUITests.debug.xcconfig */,
				4B59587B348E7B1553A923DB /* Pods-Splash-SplashUITests.release.xcconfig */,
				19ABE9D1BBD8448B26AC765B /* Pods-SplashTests.debug.xcconfig */,
				5E543ACB27EAE1EA25556950 /* Pods-SplashTests.release.xcconfig */,
			);
			path = Pods;
			sourceTree = "<group>";
		};
		42DCB2E6338487FEFC9B9565 /* Frameworks */ = {
			isa = PBXGroup;
			children = (
				E7BCC9D6591F79F8FAD62804 /* Pods_Splash.framework */,
				C62C312D0ECABB84598F2A2E /* Pods_Splash_SplashUITests.framework */,
				570CC6AAEC09E12FD153EE65 /* Pods_SplashTests.framework */,
			);
			name = Frameworks;
			sourceTree = "<group>";
		};
		7D09A7E724BD8C5F00683FB4 /* Collections */ = {
			isa = PBXGroup;
			children = (
				7D09A7EC24BD91E200683FB4 /* Cell */,
				7D09A7E824BD8C6900683FB4 /* CollectionsViewController.swift */,
				7D09A7EA24BD8CF900683FB4 /* CollectionsViewModel.swift */,
			);
			path = Collections;
			sourceTree = "<group>";
		};
		7D09A7EC24BD91E200683FB4 /* Cell */ = {
			isa = PBXGroup;
			children = (
				7D09A7ED24BD91E700683FB4 /* CollectionCellViewModel.swift */,
				7D09A7EF24BE8F9A00683FB4 /* CollectionCell.swift */,
			);
			path = Cell;
			sourceTree = "<group>";
		};
		7D165A4624AF2FEA007C8F6D /* Custom UI */ = {
			isa = PBXGroup;
			children = (
				7D165A4724AF2FFC007C8F6D /* PinterestLayout.swift */,
				7DDCB99824B59828006C6D63 /* SplashNavigationController.swift */,
			);
			path = "Custom UI";
			sourceTree = "<group>";
		};
		7D19518924906E9000A9C0A2 /* Extensions */ = {
			isa = PBXGroup;
			children = (
				7D78195A24B84BDE005DF56D /* Identifiable */,
				7D19518C2490724300A9C0A2 /* Rx */,
				7D19518A24906EA500A9C0A2 /* BindableType.swift */,
				7D1951932491B83400A9C0A2 /* Extensions+UIView.swift */,
				7D8CD8B5249C68ED00F3929C /* Extensions+Int.swift */,
				7D09A7F124BE956300683FB4 /* Extensions+UIColor.swift */,
				7D96A43924C534B500C2CCFB /* Extensions+String.swift */,
				7D96A43B24C534D900C2CCFB /* Extensions+Date.swift */,
			);
			path = Extensions;
			sourceTree = "<group>";
		};
		7D19518C2490724300A9C0A2 /* Rx */ = {
			isa = PBXGroup;
			children = (
				7D19518D2490725800A9C0A2 /* Extensions+ObservableType.swift */,
				7DDCB99124B2F146006C6D63 /* UIAlertController+Rx.swift */,
				7DDCB99324B2F543006C6D63 /* Hero+Rx.swift */,
				7D78196124B84EDD005DF56D /* PinterestLayout+Rx.swift */,
				7D09A7F524BE9C5200683FB4 /* UIScrollView+Rx.swift */,
				7DFDF1CF24C1398800990C1A /* UIBarButtonItem+Rx.swift */,
				7D7D4F2924C13BB10036D847 /* UIRefreshControl+Rx.swift */,
			);
			path = Rx;
			sourceTree = "<group>";
		};
		7D1EEB6A24C59C9E00BD324C /* Search Photos */ = {
			isa = PBXGroup;
			children = (
				7D1EEB6D24C5A0F000BD324C /* Cell */,
				7D1EEB6B24C59CA500BD324C /* SearchPhotosViewModel.swift */,
				7D63EFD924C92AAA006B886B /* SearchPhotosViewController.swift */,
			);
			path = "Search Photos";
			sourceTree = "<group>";
		};
		7D1EEB6D24C5A0F000BD324C /* Cell */ = {
			isa = PBXGroup;
			children = (
				7D1EEB6E24C5A0FC00BD324C /* SearchPhotosCell.swift */,
				7D2905A324C6F31400960A2E /* SearchPhotosCellModel.swift */,
				7D2905A524C6F50E00960A2E /* SearchPhotosCell.xib */,
			);
			path = Cell;
			sourceTree = "<group>";
		};
		7D63EFD424C926CC006B886B /* SearchService */ = {
			isa = PBXGroup;
			children = (
				7D63EFD524C926D9006B886B /* SearchServiceType.swift */,
				7D63EFD724C9276B006B886B /* SearchService.swift */,
			);
			path = SearchService;
			sourceTree = "<group>";
		};
		7D78195A24B84BDE005DF56D /* Identifiable */ = {
			isa = PBXGroup;
			children = (
				7D78195B24B84BEC005DF56D /* UICollectionView+Identifiable.swift */,
				7D78195D24B84C1F005DF56D /* ClassIdentifiable.swift */,
				7D78195F24B84C8D005DF56D /* NibIdentifiable.swift */,
				7D923CF124BC35160088B5BF /* UITableView+Identifiable.swift */,
			);
			path = Identifiable;
			sourceTree = "<group>";
		};
		7D8CD8B7249C6B7000F3929C /* UserService */ = {
			isa = PBXGroup;
			children = (
				7D8CD8B3249C63C000F3929C /* UserServiceType.swift */,
				7D8CD8B8249C6B7F00F3929C /* UserService.swift */,
			);
			path = UserService;
			sourceTree = "<group>";
		};
		7D923CE724BC0EC10088B5BF /* Search */ = {
			isa = PBXGroup;
			children = (
				7D923CEA24BC22AE0088B5BF /* Cell */,
				7D923CE824BC0ECB0088B5BF /* SearchViewController.swift */,
				7D923CED24BC249E0088B5BF /* SearchViewModel.swift */,
				7D09A7E524BD86E300683FB4 /* SearchViewController.xib */,
			);
			path = Search;
			sourceTree = "<group>";
		};
		7D923CEA24BC22AE0088B5BF /* Cell */ = {
			isa = PBXGroup;
			children = (
				7D923CEB24BC22B40088B5BF /* SearchResultCellModel.swift */,
				7D923CEF24BC27600088B5BF /* SearchResultCell.swift */,
			);
			path = Cell;
			sourceTree = "<group>";
		};
		7D96A43224C5315F00C2CCFB /* User Profile */ = {
			isa = PBXGroup;
			children = (
				7D96A43324C5316B00C2CCFB /* UserProfileViewModel.swift */,
				7D96A43524C5317E00C2CCFB /* UserProfileViewController.swift */,
				7D96A43724C5322000C2CCFB /* UserProfileViewController.xib */,
			);
			path = "User Profile";
			sourceTree = "<group>";
		};
		7D96A43D24C5355B00C2CCFB /* Photo Details */ = {
			isa = PBXGroup;
			children = (
				7D96A43E24C5356600C2CCFB /* PhotoDetailsViewModel.swift */,
			);
			path = "Photo Details";
			sourceTree = "<group>";
		};
		7DA5423524AEDE4B002C5EE1 /* AddToCollection */ = {
			isa = PBXGroup;
			children = (
				7DA5423F24AEF582002C5EE1 /* Cell */,
				7DA5423624AEDE5C002C5EE1 /* AddToCollectionViewModel.swift */,
			);
			path = AddToCollection;
			sourceTree = "<group>";
		};
		7DA5423824AEE0EA002C5EE1 /* CollectionService */ = {
			isa = PBXGroup;
			children = (
				7DA5423B24AEE101002C5EE1 /* CollectionServiceType.swift */,
				7DA5423D24AEF2F9002C5EE1 /* CollectionService.swift */,
			);
			path = CollectionService;
			sourceTree = "<group>";
		};
		7DA5423F24AEF582002C5EE1 /* Cell */ = {
			isa = PBXGroup;
			children = (
				7DA5424024AEF58C002C5EE1 /* PhotoCollectionCellModel.swift */,
				7DA5424224AF0DBB002C5EE1 /* PhotoCollectionViewCell.swift */,
			);
			path = Cell;
			sourceTree = "<group>";
		};
		7DD98DFB24403CAC0051809A = {
			isa = PBXGroup;
			children = (
				7DD98E0624403CAC0051809A /* Splash */,
				7DD98E1D24403CAD0051809A /* SplashTests */,
				7DD98E2824403CAE0051809A /* SplashUITests */,
				7DD98E0524403CAC0051809A /* Products */,
				1077C759C14747424C3ECB12 /* Pods */,
				42DCB2E6338487FEFC9B9565 /* Frameworks */,
			);
			sourceTree = "<group>";
		};
		7DD98E0524403CAC0051809A /* Products */ = {
			isa = PBXGroup;
			children = (
				7DD98E0424403CAC0051809A /* Splash.app */,
				7DD98E1A24403CAD0051809A /* SplashTests.xctest */,
				7DD98E2524403CAD0051809A /* SplashUITests.xctest */,
			);
			name = Products;
			sourceTree = "<group>";
		};
		7DD98E0624403CAC0051809A /* Splash */ = {
			isa = PBXGroup;
			children = (
				7D165A4624AF2FEA007C8F6D /* Custom UI */,
				7D19518924906E9000A9C0A2 /* Extensions */,
				7DED44C1247E05530049E205 /* Services */,
				7DED44A924768B2B0049E205 /* Scenes */,
				7DED449F247645AF0049E205 /* Utils */,
				7DED44802473E80C0049E205 /* Common */,
				7DED447F2473E7980049E205 /* Model */,
				7DED44782473E4780049E205 /* Coordinator */,
				7DD98E0724403CAC0051809A /* AppDelegate.swift */,
				7DD98E0B24403CAC0051809A /* ViewController.swift */,
				7DD98E0D24403CAC0051809A /* Main.storyboard */,
				7DD98E1024403CAD0051809A /* Assets.xcassets */,
				7DD98E1224403CAD0051809A /* LaunchScreen.storyboard */,
				7DD98E1524403CAD0051809A /* Info.plist */,
			);
			path = Splash;
			sourceTree = "<group>";
		};
		7DD98E1D24403CAD0051809A /* SplashTests */ = {
			isa = PBXGroup;
			children = (
				7DD98E1E24403CAD0051809A /* SplashTests.swift */,
				7DD98E2024403CAD0051809A /* Info.plist */,
			);
			path = SplashTests;
			sourceTree = "<group>";
		};
		7DD98E2824403CAE0051809A /* SplashUITests */ = {
			isa = PBXGroup;
			children = (
				7DD98E2924403CAE0051809A /* SplashUITests.swift */,
				7DD98E2B24403CAE0051809A /* Info.plist */,
			);
			path = SplashUITests;
			sourceTree = "<group>";
		};
		7DDCB98C24B2E9FE006C6D63 /* Alert */ = {
			isa = PBXGroup;
			children = (
				7DDCB98D24B2EA0E006C6D63 /* AlertViewModel.swift */,
				7DDCB98F24B2ED20006C6D63 /* AlertViewController.swift */,
			);
			path = Alert;
			sourceTree = "<group>";
		};
		7DDCB99524B58CCD006C6D63 /* Create Collection */ = {
			isa = PBXGroup;
			children = (
				7DDCB99624B58CD9006C6D63 /* CreateCollectionViewModel.swift */,
			);
			path = "Create Collection";
			sourceTree = "<group>";
		};
		7DED44782473E4780049E205 /* Coordinator */ = {
			isa = PBXGroup;
			children = (
				7DED44792473E48E0049E205 /* SceneTransitionType.swift */,
				7DED447B2473E5580049E205 /* SceneCoordinatorType.swift */,
				7DED447D2473E5C50049E205 /* Scene.swift */,
				7DD09E032485FF7E00FA0006 /* SceneCoordinator.swift */,
			);
			path = Coordinator;
			sourceTree = "<group>";
		};
		7DED447F2473E7980049E205 /* Model */ = {
			isa = PBXGroup;
			children = (
				7DED44832474BC820049E205 /* User.swift */,
				7DED44852474CBB90049E205 /* ProfileImage.swift */,
				7DED44872474CC010049E205 /* Photo.swift */,
				7DED448924760CF30049E205 /* Location.swift */,
				7DED448B24760DC90049E205 /* Tag.swift */,
				7DED448D24760E170049E205 /* PhotoCollection.swift */,
				7DED448F24760F4A0049E205 /* Exif.swift */,
				7DED449124760FF40049E205 /* ImageURLs.swift */,
				7DED4493247610470049E205 /* Links.swift */,
				7DED4495247641250049E205 /* LikeUnlike.swift */,
				7DED4497247641E10049E205 /* SearchResults.swift */,
				7DED4499247642FE0049E205 /* PhotoStatistics.swift */,
				7DED449B2476446E0049E205 /* UserAuthToken.swift */,
				7DED449D247645270049E205 /* AuthError.swift */,
			);
			path = Model;
			sourceTree = "<group>";
		};
		7DED44802473E80C0049E205 /* Common */ = {
			isa = PBXGroup;
			children = (
				7DED44812473E96E0049E205 /* Constants.swift */,
				7DED44A3247651770049E205 /* Splash+Style.swift */,
				7DED44A5247651910049E205 /* Splash.swift */,
				7DED44A7247653C80049E205 /* SplashError.swift */,
			);
			path = Common;
			sourceTree = "<group>";
		};
		7DED449F247645AF0049E205 /* Utils */ = {
			isa = PBXGroup;
			children = (
				7DED44C7247E067C0049E205 /* Enums */,
				7DED44A024764A600049E205 /* Cache */,
			);
			path = Utils;
			sourceTree = "<group>";
		};
		7DED44A024764A600049E205 /* Cache */ = {
			isa = PBXGroup;
			children = (
				7DED44A124764A680049E205 /* Cache.swift */,
			);
			path = Cache;
			sourceTree = "<group>";
		};
		7DED44A924768B2B0049E205 /* Scenes */ = {
			isa = PBXGroup;
			children = (
				7D1EEB6A24C59C9E00BD324C /* Search Photos */,
				7D96A43D24C5355B00C2CCFB /* Photo Details */,
				7D96A43224C5315F00C2CCFB /* User Profile */,
				7D09A7E724BD8C5F00683FB4 /* Collections */,
				7D923CE724BC0EC10088B5BF /* Search */,
				7DDCB99524B58CCD006C6D63 /* Create Collection */,
				7DDCB98C24B2E9FE006C6D63 /* Alert */,
				7DA5423524AEDE4B002C5EE1 /* AddToCollection */,
				7DED44AC24768BBD0049E205 /* Home */,
				7DED44AA24768B400049E205 /* SplashTabBarController.swift */,
			);
			path = Scenes;
			sourceTree = "<group>";
		};
		7DED44AC24768BBD0049E205 /* Home */ = {
			isa = PBXGroup;
			children = (
				7DED44BA247DF7760049E205 /* Cell */,
				7DED44AD24768BC60049E205 /* HomeViewController.swift */,
				7DED44AF24768C490049E205 /* HomeViewModel.swift */,
			);
			path = Home;
			sourceTree = "<group>";
		};
		7DED44BA247DF7760049E205 /* Cell */ = {
			isa = PBXGroup;
			children = (
				7DED44BE247DF8D40049E205 /* Footer */,
				7DED44BD247DF8CD0049E205 /* Header */,
				7DED44BB247DF7810049E205 /* HomeViewCellModel.swift */,
				7D19518F2490A62600A9C0A2 /* HomeViewCell.swift */,
			);
			path = Cell;
			sourceTree = "<group>";
		};
		7DED44BD247DF8CD0049E205 /* Header */ = {
			isa = PBXGroup;
			children = (
				7DED44BF247DF8E70049E205 /* HomeViewCellHeaderModel.swift */,
				7D1951912490E66800A9C0A2 /* HomeViewCellHeader.swift */,
			);
			path = Header;
			sourceTree = "<group>";
		};
		7DED44BE247DF8D40049E205 /* Footer */ = {
			isa = PBXGroup;
			children = (
				7D8CD8AF249C5BE600F3929C /* HomeViewCellFooter.swift */,
				7D8CD8B1249C5E5B00F3929C /* HomeViewCellFooterModel.swift */,
			);
			path = Footer;
			sourceTree = "<group>";
		};
		7DED44C1247E05530049E205 /* Services */ = {
			isa = PBXGroup;
			children = (
				7D63EFD424C926CC006B886B /* SearchService */,
				7DA5423824AEE0EA002C5EE1 /* CollectionService */,
				7D8CD8B7249C6B7000F3929C /* UserService */,
				7DED44C2247E05600049E205 /* PhotoService */,
			);
			path = Services;
			sourceTree = "<group>";
		};
		7DED44C2247E05600049E205 /* PhotoService */ = {
			isa = PBXGroup;
			children = (
				7DED44C3247E056C0049E205 /* PhotoService.swift */,
				7DED44C5247E058A0049E205 /* PhotoServiceType.swift */,
			);
			path = PhotoService;
			sourceTree = "<group>";
		};
		7DED44C7247E067C0049E205 /* Enums */ = {
			isa = PBXGroup;
			children = (
				7DED44C8247E06820049E205 /* Orientation.swift */,
				7DED44CA247E06B60049E205 /* OrderBy.swift */,
				7DED44CC247F47FD0049E205 /* UnSplash.swift */,
			);
			path = Enums;
			sourceTree = "<group>";
		};
/* End PBXGroup section */

/* Begin PBXNativeTarget section */
		7DD98E0324403CAC0051809A /* Splash */ = {
			isa = PBXNativeTarget;
			buildConfigurationList = 7DD98E2E24403CAE0051809A /* Build configuration list for PBXNativeTarget "Splash" */;
			buildPhases = (
				90E406A466C01530873A32C1 /* [CP] Check Pods Manifest.lock */,
				7DD98E0024403CAC0051809A /* Sources */,
				7DD98E0124403CAC0051809A /* Frameworks */,
				7DD98E0224403CAC0051809A /* Resources */,
				031555D2EC1EA743EC800D0E /* [CP] Embed Pods Frameworks */,
			);
			buildRules = (
			);
			dependencies = (
			);
			name = Splash;
			productName = Splash;
			productReference = 7DD98E0424403CAC0051809A /* Splash.app */;
			productType = "com.apple.product-type.application";
		};
		7DD98E1924403CAD0051809A /* SplashTests */ = {
			isa = PBXNativeTarget;
			buildConfigurationList = 7DD98E3124403CAE0051809A /* Build configuration list for PBXNativeTarget "SplashTests" */;
			buildPhases = (
				32F3B4A1B32E8D5DE161F040 /* [CP] Check Pods Manifest.lock */,
				7DD98E1624403CAD0051809A /* Sources */,
				7DD98E1724403CAD0051809A /* Frameworks */,
				7DD98E1824403CAD0051809A /* Resources */,
			);
			buildRules = (
			);
			dependencies = (
				7DD98E1C24403CAD0051809A /* PBXTargetDependency */,
			);
			name = SplashTests;
			productName = SplashTests;
			productReference = 7DD98E1A24403CAD0051809A /* SplashTests.xctest */;
			productType = "com.apple.product-type.bundle.unit-test";
		};
		7DD98E2424403CAD0051809A /* SplashUITests */ = {
			isa = PBXNativeTarget;
			buildConfigurationList = 7DD98E3424403CAE0051809A /* Build configuration list for PBXNativeTarget "SplashUITests" */;
			buildPhases = (
				40D022B5F3E241CC73B4E640 /* [CP] Check Pods Manifest.lock */,
				7DD98E2124403CAD0051809A /* Sources */,
				7DD98E2224403CAD0051809A /* Frameworks */,
				7DD98E2324403CAD0051809A /* Resources */,
				163F52CABA967D4ABE1E4492 /* [CP] Embed Pods Frameworks */,
			);
			buildRules = (
			);
			dependencies = (
				7DD98E2724403CAD0051809A /* PBXTargetDependency */,
			);
			name = SplashUITests;
			productName = SplashUITests;
			productReference = 7DD98E2524403CAD0051809A /* SplashUITests.xctest */;
			productType = "com.apple.product-type.bundle.ui-testing";
		};
/* End PBXNativeTarget section */

/* Begin PBXProject section */
		7DD98DFC24403CAC0051809A /* Project object */ = {
			isa = PBXProject;
			attributes = {
				LastSwiftUpdateCheck = 1130;
				LastUpgradeCheck = 1130;
				ORGANIZATIONNAME = "Running Raccoon";
				TargetAttributes = {
					7DD98E0324403CAC0051809A = {
						CreatedOnToolsVersion = 11.3;
					};
					7DD98E1924403CAD0051809A = {
						CreatedOnToolsVersion = 11.3;
						TestTargetID = 7DD98E0324403CAC0051809A;
					};
					7DD98E2424403CAD0051809A = {
						CreatedOnToolsVersion = 11.3;
						TestTargetID = 7DD98E0324403CAC0051809A;
					};
				};
			};
			buildConfigurationList = 7DD98DFF24403CAC0051809A /* Build configuration list for PBXProject "Splash" */;
			compatibilityVersion = "Xcode 9.3";
			developmentRegion = en;
			hasScannedForEncodings = 0;
			knownRegions = (
				en,
				Base,
			);
			mainGroup = 7DD98DFB24403CAC0051809A;
			productRefGroup = 7DD98E0524403CAC0051809A /* Products */;
			projectDirPath = "";
			projectRoot = "";
			targets = (
				7DD98E0324403CAC0051809A /* Splash */,
				7DD98E1924403CAD0051809A /* SplashTests */,
				7DD98E2424403CAD0051809A /* SplashUITests */,
			);
		};
/* End PBXProject section */

/* Begin PBXResourcesBuildPhase section */
		7DD98E0224403CAC0051809A /* Resources */ = {
			isa = PBXResourcesBuildPhase;
			buildActionMask = 2147483647;
			files = (
				7D96A43824C5322000C2CCFB /* UserProfileViewController.xib in Resources */,
				7DD98E1424403CAD0051809A /* LaunchScreen.storyboard in Resources */,
				7D2905A624C6F50E00960A2E /* SearchPhotosCell.xib in Resources */,
				7DD98E1124403CAD0051809A /* Assets.xcassets in Resources */,
				7D09A7E624BD86E300683FB4 /* SearchViewController.xib in Resources */,
				7DD98E0F24403CAC0051809A /* Main.storyboard in Resources */,
			);
			runOnlyForDeploymentPostprocessing = 0;
		};
		7DD98E1824403CAD0051809A /* Resources */ = {
			isa = PBXResourcesBuildPhase;
			buildActionMask = 2147483647;
			files = (
			);
			runOnlyForDeploymentPostprocessing = 0;
		};
		7DD98E2324403CAD0051809A /* Resources */ = {
			isa = PBXResourcesBuildPhase;
			buildActionMask = 2147483647;
			files = (
			);
			runOnlyForDeploymentPostprocessing = 0;
		};
/* End PBXResourcesBuildPhase section */

/* Begin PBXShellScriptBuildPhase section */
		031555D2EC1EA743EC800D0E /* [CP] Embed Pods Frameworks */ = {
			isa = PBXShellScriptBuildPhase;
			buildActionMask = 2147483647;
			files = (
			);
			inputFileListPaths = (
				"${PODS_ROOT}/Target Support Files/Pods-Splash/Pods-Splash-frameworks-${CONFIGURATION}-input-files.xcfilelist",
			);
			name = "[CP] Embed Pods Frameworks";
			outputFileListPaths = (
				"${PODS_ROOT}/Target Support Files/Pods-Splash/Pods-Splash-frameworks-${CONFIGURATION}-output-files.xcfilelist",
			);
			runOnlyForDeploymentPostprocessing = 0;
			shellPath = /bin/sh;
			shellScript = "\"${PODS_ROOT}/Target Support Files/Pods-Splash/Pods-Splash-frameworks.sh\"\n";
			showEnvVarsInLog = 0;
		};
		163F52CABA967D4ABE1E4492 /* [CP] Embed Pods Frameworks */ = {
			isa = PBXShellScriptBuildPhase;
			buildActionMask = 2147483647;
			files = (
			);
			inputFileListPaths = (
				"${PODS_ROOT}/Target Support Files/Pods-Splash-SplashUITests/Pods-Splash-SplashUITests-frameworks-${CONFIGURATION}-input-files.xcfilelist",
			);
			name = "[CP] Embed Pods Frameworks";
			outputFileListPaths = (
				"${PODS_ROOT}/Target Support Files/Pods-Splash-SplashUITests/Pods-Splash-SplashUITests-frameworks-${CONFIGURATION}-output-files.xcfilelist",
			);
			runOnlyForDeploymentPostprocessing = 0;
			shellPath = /bin/sh;
			shellScript = "\"${PODS_ROOT}/Target Support Files/Pods-Splash-SplashUITests/Pods-Splash-SplashUITests-frameworks.sh\"\n";
			showEnvVarsInLog = 0;
		};
		32F3B4A1B32E8D5DE161F040 /* [CP] Check Pods Manifest.lock */ = {
			isa = PBXShellScriptBuildPhase;
			buildActionMask = 2147483647;
			files = (
			);
			inputFileListPaths = (
			);
			inputPaths = (
				"${PODS_PODFILE_DIR_PATH}/Podfile.lock",
				"${PODS_ROOT}/Manifest.lock",
			);
			name = "[CP] Check Pods Manifest.lock";
			outputFileListPaths = (
			);
			outputPaths = (
				"$(DERIVED_FILE_DIR)/Pods-SplashTests-checkManifestLockResult.txt",
			);
			runOnlyForDeploymentPostprocessing = 0;
			shellPath = /bin/sh;
			shellScript = "diff \"${PODS_PODFILE_DIR_PATH}/Podfile.lock\" \"${PODS_ROOT}/Manifest.lock\" > /dev/null\nif [ $? != 0 ] ; then\n    # print error to STDERR\n    echo \"error: The sandbox is not in sync with the Podfile.lock. Run 'pod install' or update your CocoaPods installation.\" >&2\n    exit 1\nfi\n# This output is used by Xcode 'outputs' to avoid re-running this script phase.\necho \"SUCCESS\" > \"${SCRIPT_OUTPUT_FILE_0}\"\n";
			showEnvVarsInLog = 0;
		};
		40D022B5F3E241CC73B4E640 /* [CP] Check Pods Manifest.lock */ = {
			isa = PBXShellScriptBuildPhase;
			buildActionMask = 2147483647;
			files = (
			);
			inputFileListPaths = (
			);
			inputPaths = (
				"${PODS_PODFILE_DIR_PATH}/Podfile.lock",
				"${PODS_ROOT}/Manifest.lock",
			);
			name = "[CP] Check Pods Manifest.lock";
			outputFileListPaths = (
			);
			outputPaths = (
				"$(DERIVED_FILE_DIR)/Pods-Splash-SplashUITests-checkManifestLockResult.txt",
			);
			runOnlyForDeploymentPostprocessing = 0;
			shellPath = /bin/sh;
			shellScript = "diff \"${PODS_PODFILE_DIR_PATH}/Podfile.lock\" \"${PODS_ROOT}/Manifest.lock\" > /dev/null\nif [ $? != 0 ] ; then\n    # print error to STDERR\n    echo \"error: The sandbox is not in sync with the Podfile.lock. Run 'pod install' or update your CocoaPods installation.\" >&2\n    exit 1\nfi\n# This output is used by Xcode 'outputs' to avoid re-running this script phase.\necho \"SUCCESS\" > \"${SCRIPT_OUTPUT_FILE_0}\"\n";
			showEnvVarsInLog = 0;
		};
		90E406A466C01530873A32C1 /* [CP] Check Pods Manifest.lock */ = {
			isa = PBXShellScriptBuildPhase;
			buildActionMask = 2147483647;
			files = (
			);
			inputFileListPaths = (
			);
			inputPaths = (
				"${PODS_PODFILE_DIR_PATH}/Podfile.lock",
				"${PODS_ROOT}/Manifest.lock",
			);
			name = "[CP] Check Pods Manifest.lock";
			outputFileListPaths = (
			);
			outputPaths = (
				"$(DERIVED_FILE_DIR)/Pods-Splash-checkManifestLockResult.txt",
			);
			runOnlyForDeploymentPostprocessing = 0;
			shellPath = /bin/sh;
			shellScript = "diff \"${PODS_PODFILE_DIR_PATH}/Podfile.lock\" \"${PODS_ROOT}/Manifest.lock\" > /dev/null\nif [ $? != 0 ] ; then\n    # print error to STDERR\n    echo \"error: The sandbox is not in sync with the Podfile.lock. Run 'pod install' or update your CocoaPods installation.\" >&2\n    exit 1\nfi\n# This output is used by Xcode 'outputs' to avoid re-running this script phase.\necho \"SUCCESS\" > \"${SCRIPT_OUTPUT_FILE_0}\"\n";
			showEnvVarsInLog = 0;
		};
/* End PBXShellScriptBuildPhase section */

/* Begin PBXSourcesBuildPhase section */
		7DD98E0024403CAC0051809A /* Sources */ = {
			isa = PBXSourcesBuildPhase;
			buildActionMask = 2147483647;
			files = (
				7DED449C2476446E0049E205 /* UserAuthToken.swift in Sources */,
				7DED44CB247E06B60049E205 /* OrderBy.swift in Sources */,
				7DED448C24760DC90049E205 /* Tag.swift in Sources */,
				7D09A7F624BE9C5200683FB4 /* UIScrollView+Rx.swift in Sources */,
				7D09A7F224BE956300683FB4 /* Extensions+UIColor.swift in Sources */,
				7DA5423E24AEF2F9002C5EE1 /* CollectionService.swift in Sources */,
				7DD98E0C24403CAC0051809A /* ViewController.swift in Sources */,
				7D96A43A24C534B500C2CCFB /* Extensions+String.swift in Sources */,
				7DED448E24760E170049E205 /* PhotoCollection.swift in Sources */,
				7DED44A224764A680049E205 /* Cache.swift in Sources */,
				7D8CD8B4249C63C000F3929C /* UserServiceType.swift in Sources */,
				7D165A4824AF2FFC007C8F6D /* PinterestLayout.swift in Sources */,
				7DED4496247641250049E205 /* LikeUnlike.swift in Sources */,
				7DED448A24760CF30049E205 /* Location.swift in Sources */,
				7DA5423724AEDE5C002C5EE1 /* AddToCollectionViewModel.swift in Sources */,
				7D09A7E924BD8C6900683FB4 /* CollectionsViewController.swift in Sources */,
				7D1951902490A62600A9C0A2 /* HomeViewCell.swift in Sources */,
				7DD98E0824403CAC0051809A /* AppDelegate.swift in Sources */,
				7D78196224B84EDD005DF56D /* PinterestLayout+Rx.swift in Sources */,
				7DED44AB24768B400049E205 /* SplashTabBarController.swift in Sources */,
				7D2905A424C6F31400960A2E /* SearchPhotosCellModel.swift in Sources */,
				7DED449E247645270049E205 /* AuthError.swift in Sources */,
				7DED44A8247653C80049E205 /* SplashError.swift in Sources */,
				7D96A43624C5317E00C2CCFB /* UserProfileViewController.swift in Sources */,
				7DED447E2473E5C50049E205 /* Scene.swift in Sources */,
				7DED44A6247651910049E205 /* Splash.swift in Sources */,
				7DED44CD247F47FD0049E205 /* UnSplash.swift in Sources */,
				7DED447C2473E5580049E205 /* SceneCoordinatorType.swift in Sources */,
				7DED44C6247E058A0049E205 /* PhotoServiceType.swift in Sources */,
				7D78196024B84C8D005DF56D /* NibIdentifiable.swift in Sources */,
				7DED44AE24768BC60049E205 /* HomeViewController.swift in Sources */,
				7DA5423C24AEE101002C5EE1 /* CollectionServiceType.swift in Sources */,
				7D78195E24B84C1F005DF56D /* ClassIdentifiable.swift in Sources */,
				7D09A7F024BE8F9A00683FB4 /* CollectionCell.swift in Sources */,
				7DED4494247610470049E205 /* Links.swift in Sources */,
				7DED44882474CC010049E205 /* Photo.swift in Sources */,
				7DED44862474CBB90049E205 /* ProfileImage.swift in Sources */,
				7DED44842474BC820049E205 /* User.swift in Sources */,
				7DED449A247642FE0049E205 /* PhotoStatistics.swift in Sources */,
				7D09A7EB24BD8CF900683FB4 /* CollectionsViewModel.swift in Sources */,
				7DDCB99724B58CD9006C6D63 /* CreateCollectionViewModel.swift in Sources */,
				7D1951922490E66800A9C0A2 /* HomeViewCellHeader.swift in Sources */,
				7D7D4F2A24C13BB10036D847 /* UIRefreshControl+Rx.swift in Sources */,
				7DDCB98E24B2EA0E006C6D63 /* AlertViewModel.swift in Sources */,
				7D1951942491B83400A9C0A2 /* Extensions+UIView.swift in Sources */,
				7DDCB99224B2F146006C6D63 /* UIAlertController+Rx.swift in Sources */,
				7DED44822473E96E0049E205 /* Constants.swift in Sources */,
				7D19518E2490725800A9C0A2 /* Extensions+ObservableType.swift in Sources */,
				7DED44A4247651770049E205 /* Splash+Style.swift in Sources */,
				7D923CEE24BC249E0088B5BF /* SearchViewModel.swift in Sources */,
				7D8CD8B9249C6B7F00F3929C /* UserService.swift in Sources */,
				7DA5424124AEF58C002C5EE1 /* PhotoCollectionCellModel.swift in Sources */,
				7DFDF1D024C1398800990C1A /* UIBarButtonItem+Rx.swift in Sources */,
				7D8CD8B6249C68ED00F3929C /* Extensions+Int.swift in Sources */,
				7D923CF224BC35160088B5BF /* UITableView+Identifiable.swift in Sources */,
				7D96A43F24C5356600C2CCFB /* PhotoDetailsViewModel.swift in Sources */,
				7DED449024760F4A0049E205 /* Exif.swift in Sources */,
				7DED44B024768C490049E205 /* HomeViewModel.swift in Sources */,
				7DA5424324AF0DBB002C5EE1 /* PhotoCollectionViewCell.swift in Sources */,
				7D96A43C24C534D900C2CCFB /* Extensions+Date.swift in Sources */,
				7DD09E042485FF7E00FA0006 /* SceneCoordinator.swift in Sources */,
				7DDCB99424B2F543006C6D63 /* Hero+Rx.swift in Sources */,
				7D78195C24B84BEC005DF56D /* UICollectionView+Identifiable.swift in Sources */,
				7D8CD8B0249C5BE600F3929C /* HomeViewCellFooter.swift in Sources */,
				7DED44C0247DF8E70049E205 /* HomeViewCellHeaderModel.swift in Sources */,
				7D63EFD624C926D9006B886B /* SearchServiceType.swift in Sources */,
				7DED449224760FF40049E205 /* ImageURLs.swift in Sources */,
				7DED44C4247E056C0049E205 /* PhotoService.swift in Sources */,
				7D96A43424C5316B00C2CCFB /* UserProfileViewModel.swift in Sources */,
				7D1EEB6F24C5A0FC00BD324C /* SearchPhotosCell.swift in Sources */,
				7D63EFDA24C92AAA006B886B /* SearchPhotosViewController.swift in Sources */,
				7DED44BC247DF7810049E205 /* HomeViewCellModel.swift in Sources */,
				7DED4498247641E10049E205 /* SearchResults.swift in Sources */,
				7D1EEB6C24C59CA500BD324C /* SearchPhotosViewModel.swift in Sources */,
				7DDCB99024B2ED20006C6D63 /* AlertViewController.swift in Sources */,
				7D923CE924BC0ECB0088B5BF /* SearchViewController.swift in Sources */,
				7D09A7EE24BD91E700683FB4 /* CollectionCellViewModel.swift in Sources */,
				7DED44C9247E06820049E205 /* Orientation.swift in Sources */,
				7DDCB99924B59828006C6D63 /* SplashNavigationController.swift in Sources */,
				7D923CEC24BC22B40088B5BF /* SearchResultCellModel.swift in Sources */,
				7D8CD8B2249C5E5B00F3929C /* HomeViewCellFooterModel.swift in Sources */,
				7D19518B24906EA500A9C0A2 /* BindableType.swift in Sources */,
				7D63EFD824C9276B006B886B /* SearchService.swift in Sources */,
				7D923CF024BC27600088B5BF /* SearchResultCell.swift in Sources */,
				7DED447A2473E48E0049E205 /* SceneTransitionType.swift in Sources */,
			);
			runOnlyForDeploymentPostprocessing = 0;
		};
		7DD98E1624403CAD0051809A /* Sources */ = {
			isa = PBXSourcesBuildPhase;
			buildActionMask = 2147483647;
			files = (
				7DD98E1F24403CAD0051809A /* SplashTests.swift in Sources */,
			);
			runOnlyForDeploymentPostprocessing = 0;
		};
		7DD98E2124403CAD0051809A /* Sources */ = {
			isa = PBXSourcesBuildPhase;
			buildActionMask = 2147483647;
			files = (
				7DD98E2A24403CAE0051809A /* SplashUITests.swift in Sources */,
			);
			runOnlyForDeploymentPostprocessing = 0;
		};
/* End PBXSourcesBuildPhase section */

/* Begin PBXTargetDependency section */
		7DD98E1C24403CAD0051809A /* PBXTargetDependency */ = {
			isa = PBXTargetDependency;
			target = 7DD98E0324403CAC0051809A /* Splash */;
			targetProxy = 7DD98E1B24403CAD0051809A /* PBXContainerItemProxy */;
		};
		7DD98E2724403CAD0051809A /* PBXTargetDependency */ = {
			isa = PBXTargetDependency;
			target = 7DD98E0324403CAC0051809A /* Splash */;
			targetProxy = 7DD98E2624403CAD0051809A /* PBXContainerItemProxy */;
		};
/* End PBXTargetDependency section */

/* Begin PBXVariantGroup section */
		7DD98E0D24403CAC0051809A /* Main.storyboard */ = {
			isa = PBXVariantGroup;
			children = (
				7DD98E0E24403CAC0051809A /* Base */,
			);
			name = Main.storyboard;
			sourceTree = "<group>";
		};
		7DD98E1224403CAD0051809A /* LaunchScreen.storyboard */ = {
			isa = PBXVariantGroup;
			children = (
				7DD98E1324403CAD0051809A /* Base */,
			);
			name = LaunchScreen.storyboard;
			sourceTree = "<group>";
		};
/* End PBXVariantGroup section */

/* Begin XCBuildConfiguration section */
		7DD98E2C24403CAE0051809A /* Debug */ = {
			isa = XCBuildConfiguration;
			buildSettings = {
				ALWAYS_SEARCH_USER_PATHS = NO;
				CLANG_ANALYZER_NONNULL = YES;
				CLANG_ANALYZER_NUMBER_OBJECT_CONVERSION = YES_AGGRESSIVE;
				CLANG_CXX_LANGUAGE_STANDARD = "gnu++14";
				CLANG_CXX_LIBRARY = "libc++";
				CLANG_ENABLE_MODULES = YES;
				CLANG_ENABLE_OBJC_ARC = YES;
				CLANG_ENABLE_OBJC_WEAK = YES;
				CLANG_WARN_BLOCK_CAPTURE_AUTORELEASING = YES;
				CLANG_WARN_BOOL_CONVERSION = YES;
				CLANG_WARN_COMMA = YES;
				CLANG_WARN_CONSTANT_CONVERSION = YES;
				CLANG_WARN_DEPRECATED_OBJC_IMPLEMENTATIONS = YES;
				CLANG_WARN_DIRECT_OBJC_ISA_USAGE = YES_ERROR;
				CLANG_WARN_DOCUMENTATION_COMMENTS = YES;
				CLANG_WARN_EMPTY_BODY = YES;
				CLANG_WARN_ENUM_CONVERSION = YES;
				CLANG_WARN_INFINITE_RECURSION = YES;
				CLANG_WARN_INT_CONVERSION = YES;
				CLANG_WARN_NON_LITERAL_NULL_CONVERSION = YES;
				CLANG_WARN_OBJC_IMPLICIT_RETAIN_SELF = YES;
				CLANG_WARN_OBJC_LITERAL_CONVERSION = YES;
				CLANG_WARN_OBJC_ROOT_CLASS = YES_ERROR;
				CLANG_WARN_RANGE_LOOP_ANALYSIS = YES;
				CLANG_WARN_STRICT_PROTOTYPES = YES;
				CLANG_WARN_SUSPICIOUS_MOVE = YES;
				CLANG_WARN_UNGUARDED_AVAILABILITY = YES_AGGRESSIVE;
				CLANG_WARN_UNREACHABLE_CODE = YES;
				CLANG_WARN__DUPLICATE_METHOD_MATCH = YES;
				COPY_PHASE_STRIP = NO;
				DEBUG_INFORMATION_FORMAT = dwarf;
				ENABLE_STRICT_OBJC_MSGSEND = YES;
				ENABLE_TESTABILITY = YES;
				GCC_C_LANGUAGE_STANDARD = gnu11;
				GCC_DYNAMIC_NO_PIC = NO;
				GCC_NO_COMMON_BLOCKS = YES;
				GCC_OPTIMIZATION_LEVEL = 0;
				GCC_PREPROCESSOR_DEFINITIONS = (
					"DEBUG=1",
					"$(inherited)",
				);
				GCC_WARN_64_TO_32_BIT_CONVERSION = YES;
				GCC_WARN_ABOUT_RETURN_TYPE = YES_ERROR;
				GCC_WARN_UNDECLARED_SELECTOR = YES;
				GCC_WARN_UNINITIALIZED_AUTOS = YES_AGGRESSIVE;
				GCC_WARN_UNUSED_FUNCTION = YES;
				GCC_WARN_UNUSED_VARIABLE = YES;
				IPHONEOS_DEPLOYMENT_TARGET = 13.2;
				MTL_ENABLE_DEBUG_INFO = INCLUDE_SOURCE;
				MTL_FAST_MATH = YES;
				ONLY_ACTIVE_ARCH = YES;
				SDKROOT = iphoneos;
				SWIFT_ACTIVE_COMPILATION_CONDITIONS = DEBUG;
				SWIFT_OPTIMIZATION_LEVEL = "-Onone";
			};
			name = Debug;
		};
		7DD98E2D24403CAE0051809A /* Release */ = {
			isa = XCBuildConfiguration;
			buildSettings = {
				ALWAYS_SEARCH_USER_PATHS = NO;
				CLANG_ANALYZER_NONNULL = YES;
				CLANG_ANALYZER_NUMBER_OBJECT_CONVERSION = YES_AGGRESSIVE;
				CLANG_CXX_LANGUAGE_STANDARD = "gnu++14";
				CLANG_CXX_LIBRARY = "libc++";
				CLANG_ENABLE_MODULES = YES;
				CLANG_ENABLE_OBJC_ARC = YES;
				CLANG_ENABLE_OBJC_WEAK = YES;
				CLANG_WARN_BLOCK_CAPTURE_AUTORELEASING = YES;
				CLANG_WARN_BOOL_CONVERSION = YES;
				CLANG_WARN_COMMA = YES;
				CLANG_WARN_CONSTANT_CONVERSION = YES;
				CLANG_WARN_DEPRECATED_OBJC_IMPLEMENTATIONS = YES;
				CLANG_WARN_DIRECT_OBJC_ISA_USAGE = YES_ERROR;
				CLANG_WARN_DOCUMENTATION_COMMENTS = YES;
				CLANG_WARN_EMPTY_BODY = YES;
				CLANG_WARN_ENUM_CONVERSION = YES;
				CLANG_WARN_INFINITE_RECURSION = YES;
				CLANG_WARN_INT_CONVERSION = YES;
				CLANG_WARN_NON_LITERAL_NULL_CONVERSION = YES;
				CLANG_WARN_OBJC_IMPLICIT_RETAIN_SELF = YES;
				CLANG_WARN_OBJC_LITERAL_CONVERSION = YES;
				CLANG_WARN_OBJC_ROOT_CLASS = YES_ERROR;
				CLANG_WARN_RANGE_LOOP_ANALYSIS = YES;
				CLANG_WARN_STRICT_PROTOTYPES = YES;
				CLANG_WARN_SUSPICIOUS_MOVE = YES;
				CLANG_WARN_UNGUARDED_AVAILABILITY = YES_AGGRESSIVE;
				CLANG_WARN_UNREACHABLE_CODE = YES;
				CLANG_WARN__DUPLICATE_METHOD_MATCH = YES;
				COPY_PHASE_STRIP = NO;
				DEBUG_INFORMATION_FORMAT = "dwarf-with-dsym";
				ENABLE_NS_ASSERTIONS = NO;
				ENABLE_STRICT_OBJC_MSGSEND = YES;
				GCC_C_LANGUAGE_STANDARD = gnu11;
				GCC_NO_COMMON_BLOCKS = YES;
				GCC_WARN_64_TO_32_BIT_CONVERSION = YES;
				GCC_WARN_ABOUT_RETURN_TYPE = YES_ERROR;
				GCC_WARN_UNDECLARED_SELECTOR = YES;
				GCC_WARN_UNINITIALIZED_AUTOS = YES_AGGRESSIVE;
				GCC_WARN_UNUSED_FUNCTION = YES;
				GCC_WARN_UNUSED_VARIABLE = YES;
				IPHONEOS_DEPLOYMENT_TARGET = 13.2;
				MTL_ENABLE_DEBUG_INFO = NO;
				MTL_FAST_MATH = YES;
				SDKROOT = iphoneos;
				SWIFT_COMPILATION_MODE = wholemodule;
				SWIFT_OPTIMIZATION_LEVEL = "-O";
				VALIDATE_PRODUCT = YES;
			};
			name = Release;
		};
		7DD98E2F24403CAE0051809A /* Debug */ = {
			isa = XCBuildConfiguration;
			baseConfigurationReference = 6D446D6023B04AA8D94E8538 /* Pods-Splash.debug.xcconfig */;
			buildSettings = {
				ASSETCATALOG_COMPILER_APPICON_NAME = AppIcon;
				CODE_SIGN_STYLE = Automatic;
				DEVELOPMENT_TEAM = JH6HFBQXT6;
				INFOPLIST_FILE = Splash/Info.plist;
				LD_RUNPATH_SEARCH_PATHS = (
					"$(inherited)",
					"@executable_path/Frameworks",
				);
				PRODUCT_BUNDLE_IDENTIFIER = kr.miiiiiin.Splash;
				PRODUCT_NAME = "$(TARGET_NAME)";
				SWIFT_VERSION = 5.0;
				TARGETED_DEVICE_FAMILY = "1,2";
			};
			name = Debug;
		};
		7DD98E3024403CAE0051809A /* Release */ = {
			isa = XCBuildConfiguration;
			baseConfigurationReference = B9E1D9023CE229121F80B2EE /* Pods-Splash.release.xcconfig */;
			buildSettings = {
				ASSETCATALOG_COMPILER_APPICON_NAME = AppIcon;
				CODE_SIGN_STYLE = Automatic;
				DEVELOPMENT_TEAM = JH6HFBQXT6;
				INFOPLIST_FILE = Splash/Info.plist;
				LD_RUNPATH_SEARCH_PATHS = (
					"$(inherited)",
					"@executable_path/Frameworks",
				);
				PRODUCT_BUNDLE_IDENTIFIER = kr.miiiiiin.Splash;
				PRODUCT_NAME = "$(TARGET_NAME)";
				SWIFT_VERSION = 5.0;
				TARGETED_DEVICE_FAMILY = "1,2";
			};
			name = Release;
		};
		7DD98E3224403CAE0051809A /* Debug */ = {
			isa = XCBuildConfiguration;
			baseConfigurationReference = 19ABE9D1BBD8448B26AC765B /* Pods-SplashTests.debug.xcconfig */;
			buildSettings = {
				ALWAYS_EMBED_SWIFT_STANDARD_LIBRARIES = YES;
				BUNDLE_LOADER = "$(TEST_HOST)";
				CODE_SIGN_STYLE = Automatic;
				DEVELOPMENT_TEAM = JH6HFBQXT6;
				INFOPLIST_FILE = SplashTests/Info.plist;
				IPHONEOS_DEPLOYMENT_TARGET = 13.2;
				LD_RUNPATH_SEARCH_PATHS = (
					"$(inherited)",
					"@executable_path/Frameworks",
					"@loader_path/Frameworks",
				);
				PRODUCT_BUNDLE_IDENTIFIER = kr.miiiiiin.SplashTests;
				PRODUCT_NAME = "$(TARGET_NAME)";
				SWIFT_VERSION = 5.0;
				TARGETED_DEVICE_FAMILY = "1,2";
				TEST_HOST = "$(BUILT_PRODUCTS_DIR)/Splash.app/Splash";
			};
			name = Debug;
		};
		7DD98E3324403CAE0051809A /* Release */ = {
			isa = XCBuildConfiguration;
			baseConfigurationReference = 5E543ACB27EAE1EA25556950 /* Pods-SplashTests.release.xcconfig */;
			buildSettings = {
				ALWAYS_EMBED_SWIFT_STANDARD_LIBRARIES = YES;
				BUNDLE_LOADER = "$(TEST_HOST)";
				CODE_SIGN_STYLE = Automatic;
				DEVELOPMENT_TEAM = JH6HFBQXT6;
				INFOPLIST_FILE = SplashTests/Info.plist;
				IPHONEOS_DEPLOYMENT_TARGET = 13.2;
				LD_RUNPATH_SEARCH_PATHS = (
					"$(inherited)",
					"@executable_path/Frameworks",
					"@loader_path/Frameworks",
				);
				PRODUCT_BUNDLE_IDENTIFIER = kr.miiiiiin.SplashTests;
				PRODUCT_NAME = "$(TARGET_NAME)";
				SWIFT_VERSION = 5.0;
				TARGETED_DEVICE_FAMILY = "1,2";
				TEST_HOST = "$(BUILT_PRODUCTS_DIR)/Splash.app/Splash";
			};
			name = Release;
		};
		7DD98E3524403CAE0051809A /* Debug */ = {
			isa = XCBuildConfiguration;
			baseConfigurationReference = E0DBBA000A9C1EEEB3C96E60 /* Pods-Splash-SplashUITests.debug.xcconfig */;
			buildSettings = {
				ALWAYS_EMBED_SWIFT_STANDARD_LIBRARIES = YES;
				CODE_SIGN_STYLE = Automatic;
				DEVELOPMENT_TEAM = JH6HFBQXT6;
				INFOPLIST_FILE = SplashUITests/Info.plist;
				LD_RUNPATH_SEARCH_PATHS = (
					"$(inherited)",
					"@executable_path/Frameworks",
					"@loader_path/Frameworks",
				);
				PRODUCT_BUNDLE_IDENTIFIER = kr.miiiiiin.SplashUITests;
				PRODUCT_NAME = "$(TARGET_NAME)";
				SWIFT_VERSION = 5.0;
				TARGETED_DEVICE_FAMILY = "1,2";
				TEST_TARGET_NAME = Splash;
			};
			name = Debug;
		};
		7DD98E3624403CAE0051809A /* Release */ = {
			isa = XCBuildConfiguration;
			baseConfigurationReference = 4B59587B348E7B1553A923DB /* Pods-Splash-SplashUITests.release.xcconfig */;
			buildSettings = {
				ALWAYS_EMBED_SWIFT_STANDARD_LIBRARIES = YES;
				CODE_SIGN_STYLE = Automatic;
				DEVELOPMENT_TEAM = JH6HFBQXT6;
				INFOPLIST_FILE = SplashUITests/Info.plist;
				LD_RUNPATH_SEARCH_PATHS = (
					"$(inherited)",
					"@executable_path/Frameworks",
					"@loader_path/Frameworks",
				);
				PRODUCT_BUNDLE_IDENTIFIER = kr.miiiiiin.SplashUITests;
				PRODUCT_NAME = "$(TARGET_NAME)";
				SWIFT_VERSION = 5.0;
				TARGETED_DEVICE_FAMILY = "1,2";
				TEST_TARGET_NAME = Splash;
			};
			name = Release;
		};
/* End XCBuildConfiguration section */

/* Begin XCConfigurationList section */
		7DD98DFF24403CAC0051809A /* Build configuration list for PBXProject "Splash" */ = {
			isa = XCConfigurationList;
			buildConfigurations = (
				7DD98E2C24403CAE0051809A /* Debug */,
				7DD98E2D24403CAE0051809A /* Release */,
			);
			defaultConfigurationIsVisible = 0;
			defaultConfigurationName = Release;
		};
		7DD98E2E24403CAE0051809A /* Build configuration list for PBXNativeTarget "Splash" */ = {
			isa = XCConfigurationList;
			buildConfigurations = (
				7DD98E2F24403CAE0051809A /* Debug */,
				7DD98E3024403CAE0051809A /* Release */,
			);
			defaultConfigurationIsVisible = 0;
			defaultConfigurationName = Release;
		};
		7DD98E3124403CAE0051809A /* Build configuration list for PBXNativeTarget "SplashTests" */ = {
			isa = XCConfigurationList;
			buildConfigurations = (
				7DD98E3224403CAE0051809A /* Debug */,
				7DD98E3324403CAE0051809A /* Release */,
			);
			defaultConfigurationIsVisible = 0;
			defaultConfigurationName = Release;
		};
		7DD98E3424403CAE0051809A /* Build configuration list for PBXNativeTarget "SplashUITests" */ = {
			isa = XCConfigurationList;
			buildConfigurations = (
				7DD98E3524403CAE0051809A /* Debug */,
				7DD98E3624403CAE0051809A /* Release */,
			);
			defaultConfigurationIsVisible = 0;
			defaultConfigurationName = Release;
		};
/* End XCConfigurationList section */
	};
	rootObject = 7DD98DFC24403CAC0051809A /* Project object */;
}
